// !$*UTF8*$!
{
	archiveVersion = 1;
	classes = {
	};
	objectVersion = 50;
	objects = {

/* Begin PBXBuildFile section */
		D4D470D8214B4E0D008210AB /* AppDelegate.swift in Sources */ = {isa = PBXBuildFile; fileRef = D4D470D7214B4E0D008210AB /* AppDelegate.swift */; };
		D4D470DA214B4E0D008210AB /* ViewController.swift in Sources */ = {isa = PBXBuildFile; fileRef = D4D470D9214B4E0D008210AB /* ViewController.swift */; };
		D4D470DD214B4E0D008210AB /* Main.storyboard in Resources */ = {isa = PBXBuildFile; fileRef = D4D470DB214B4E0D008210AB /* Main.storyboard */; };
		D4D470DF214B4E0F008210AB /* Assets.xcassets in Resources */ = {isa = PBXBuildFile; fileRef = D4D470DE214B4E0F008210AB /* Assets.xcassets */; };
		D4D470E2214B4E0F008210AB /* LaunchScreen.storyboard in Resources */ = {isa = PBXBuildFile; fileRef = D4D470E0214B4E0F008210AB /* LaunchScreen.storyboard */; };
		D4D470ED214B5D0E008210AB /* emoji zone.mp4 in Resources */ = {isa = PBXBuildFile; fileRef = D4D470EC214B5D0E008210AB /* emoji zone.mp4 */; };
		D4D470EF214B5FCB008210AB /* VideoCell.swift in Sources */ = {isa = PBXBuildFile; fileRef = D4D470EE214B5FCB008210AB /* VideoCell.swift */; };
/* End PBXBuildFile section */

/* Begin PBXFileReference section */
		D4D470D4214B4E0D008210AB /* 3.LocalVideo.app */ = {isa = PBXFileReference; explicitFileType = wrapper.application; includeInIndex = 0; path = 3.LocalVideo.app; sourceTree = BUILT_PRODUCTS_DIR; };
		D4D470D7214B4E0D008210AB /* AppDelegate.swift */ = {isa = PBXFileReference; lastKnownFileType = sourcecode.swift; path = AppDelegate.swift; sourceTree = "<group>"; };
		D4D470D9214B4E0D008210AB /* ViewController.swift */ = {isa = PBXFileReference; lastKnownFileType = sourcecode.swift; path = ViewController.swift; sourceTree = "<group>"; };
		D4D470DC214B4E0D008210AB /* Base */ = {isa = PBXFileReference; lastKnownFileType = file.storyboard; name = Base; path = Base.lproj/Main.storyboard; sourceTree = "<group>"; };
		D4D470DE214B4E0F008210AB /* Assets.xcassets */ = {isa = PBXFileReference; lastKnownFileType = folder.assetcatalog; path = Assets.xcassets; sourceTree = "<group>"; };
		D4D470E1214B4E0F008210AB /* Base */ = {isa = PBXFileReference; lastKnownFileType = file.storyboard; name = Base; path = Base.lproj/LaunchScreen.storyboard; sourceTree = "<group>"; };
		D4D470E3214B4E0F008210AB /* Info.plist */ = {isa = PBXFileReference; lastKnownFileType = text.plist.xml; path = Info.plist; sourceTree = "<group>"; };
		D4D470EC214B5D0E008210AB /* emoji zone.mp4 */ = {isa = PBXFileReference; lastKnownFileType = file; path = "emoji zone.mp4"; sourceTree = "<group>"; };
		D4D470EE214B5FCB008210AB /* VideoCell.swift */ = {isa = PBXFileReference; lastKnownFileType = sourcecode.swift; path = VideoCell.swift; sourceTree = "<group>"; };
/* End PBXFileReference section */

/* Begin PBXFrameworksBuildPhase section */
		D4D470D1214B4E0D008210AB /* Frameworks */ = {
			isa = PBXFrameworksBuildPhase;
			buildActionMask = 2147483647;
			files = (
			);
			runOnlyForDeploymentPostprocessing = 0;
		};
/* End PBXFrameworksBuildPhase section */

/* Begin PBXGroup section */
		D4D470CB214B4E0D008210AB = {
			isa = PBXGroup;
			children = (
				D4D470D6214B4E0D008210AB /* 3.LocalVideo */,
				D4D470D5214B4E0D008210AB /* Products */,
			);
			sourceTree = "<group>";
		};
		D4D470D5214B4E0D008210AB /* Products */ = {
			isa = PBXGroup;
			children = (
				D4D470D4214B4E0D008210AB /* 3.LocalVideo.app */,
			);
			name = Products;
			sourceTree = "<group>";
		};
		D4D470D6214B4E0D008210AB /* 3.LocalVideo */ = {
			isa = PBXGroup;
			children = (
				D4D470D7214B4E0D008210AB /* AppDelegate.swift */,
				D4D470D9214B4E0D008210AB /* ViewController.swift */,
				D4D470EE214B5FCB008210AB /* VideoCell.swift */,
				D4D470DB214B4E0D008210AB /* Main.storyboard */,
				D4D470DE214B4E0F008210AB /* Assets.xcassets */,
				D4D470E0214B4E0F008210AB /* LaunchScreen.storyboard */,
				D4D470E3214B4E0F008210AB /* Info.plist */,
				D4D470EC214B5D0E008210AB /* emoji zone.mp4 */,
			);
			path = 3.LocalVideo;
			sourceTree = "<group>";
		};
/* End PBXGroup section */

/* Begin PBXNativeTarget section */
		D4D470D3214B4E0D008210AB /* 3.LocalVideo */ = {
			isa = PBXNativeTarget;
			buildConfigurationList = D4D470E6214B4E0F008210AB /* Build configuration list for PBXNativeTarget "3.LocalVideo" */;
			buildPhases = (
				D4D470D0214B4E0D008210AB /* Sources */,
				D4D470D1214B4E0D008210AB /* Frameworks */,
				D4D470D2214B4E0D008210AB /* Resources */,
			);
			buildRules = (
			);
			dependencies = (
			);
			name = 3.LocalVideo;
			productName = 3.LocalVideo;
			productReference = D4D470D4214B4E0D008210AB /* 3.LocalVideo.app */;
			productType = "com.apple.product-type.application";
		};
/* End PBXNativeTarget section */

/* Begin PBXProject section */
		D4D470CC214B4E0D008210AB /* Project object */ = {
			isa = PBXProject;
			attributes = {
				LastSwiftUpdateCheck = 0940;
				LastUpgradeCheck = 0940;
				ORGANIZATIONNAME = Swifter;
				TargetAttributes = {
					D4D470D3214B4E0D008210AB = {
						CreatedOnToolsVersion = 9.4.1;
					};
				};
			};
			buildConfigurationList = D4D470CF214B4E0D008210AB /* Build configuration list for PBXProject "3.LocalVideo" */;
			compatibilityVersion = "Xcode 9.3";
			developmentRegion = en;
			hasScannedForEncodings = 0;
			knownRegions = (
				en,
				Base,
			);
			mainGroup = D4D470CB214B4E0D008210AB;
			productRefGroup = D4D470D5214B4E0D008210AB /* Products */;
			projectDirPath = "";
			projectRoot = "";
			targets = (
				D4D470D3214B4E0D008210AB /* 3.LocalVideo */,
			);
		};
/* End PBXProject section */

/* Begin PBXResourcesBuildPhase section */
		D4D470D2214B4E0D008210AB /* Resources */ = {
			isa = PBXResourcesBuildPhase;
			buildActionMask = 2147483647;
			files = (
				D4D470E2214B4E0F008210AB /* LaunchScreen.storyboard in Resources */,
				D4D470ED214B5D0E008210AB /* emoji zone.mp4 in Resources */,
				D4D470DF214B4E0F008210AB /* Assets.xcassets in Resources */,
				D4D470DD214B4E0D008210AB /* Main.storyboard in Resources */,
			);
			runOnlyForDeploymentPostprocessing = 0;
		};
/* End PBXResourcesBuildPhase section */

/* Begin PBXSourcesBuildPhase section */
		D4D470D0214B4E0D008210AB /* Sources */ = {
			isa = PBXSourcesBuildPhase;
			buildActionMask = 2147483647;
			files = (
				D4D470DA214B4E0D008210AB /* ViewController.swift in Sources */,
				D4D470D8214B4E0D008210AB /* AppDelegate.swift in Sources */,
				D4D470EF214B5FCB008210AB /* VideoCell.swift in Sources */,
			);
			runOnlyForDeploymentPostprocessing = 0;
		};
/* End PBXSourcesBuildPhase section */

/* Begin PBXVariantGroup section */
		D4D470DB214B4E0D008210AB /* Main.storyboard */ = {
			isa = PBXVariantGroup;
			children = (
				D4D470DC214B4E0D008210AB /* Base */,
			);
			name = Main.storyboard;
			sourceTree = "<group>";
		};
		D4D470E0214B4E0F008210AB /* LaunchScreen.storyboard */ = {
			isa = PBXVariantGroup;
			children = (
				D4D470E1214B4E0F008210AB /* Base */,
			);
			name = LaunchScreen.storyboard;
			sourceTree = "<group>";
		};
/* End PBXVariantGroup section */

/* Begin XCBuildConfiguration section */
		D4D470E4214B4E0F008210AB /* Debug */ = {
			isa = XCBuildConfiguration;
			buildSettings = {
				ALWAYS_SEARCH_USER_PATHS = NO;
				CLANG_ANALYZER_NONNULL = YES;
				CLANG_ANALYZER_NUMBER_OBJECT_CONVERSION = YES_AGGRESSIVE;
				CLANG_CXX_LANGUAGE_STANDARD = "gnu++14";
				CLANG_CXX_LIBRARY = "libc++";
				CLANG_ENABLE_MODULES = YES;
				CLANG_ENABLE_OBJC_ARC = YES;
				CLANG_ENABLE_OBJC_WEAK = YES;
				CLANG_WARN_BLOCK_CAPTURE_AUTORELEASING = YES;
				CLANG_WARN_BOOL_CONVERSION = YES;
				CLANG_WARN_COMMA = YES;
				CLANG_WARN_CONSTANT_CONVERSION = YES;
				CLANG_WARN_DEPRECATED_OBJC_IMPLEMENTATIONS = YES;
				CLANG_WARN_DIRECT_OBJC_ISA_USAGE = YES_ERROR;
				CLANG_WARN_DOCUMENTATION_COMMENTS = YES;
				CLANG_WARN_EMPTY_BODY = YES;
				CLANG_WARN_ENUM_CONVERSION = YES;
				CLANG_WARN_INFINITE_RECURSION = YES;
				CLANG_WARN_INT_CONVERSION = YES;
				CLANG_WARN_NON_LITERAL_NULL_CONVERSION = YES;
				CLANG_WARN_OBJC_IMPLICIT_RETAIN_SELF = YES;
				CLANG_WARN_OBJC_LITERAL_CONVERSION = YES;
				CLANG_WARN_OBJC_ROOT_CLASS = YES_ERROR;
				CLANG_WARN_RANGE_LOOP_ANALYSIS = YES;
				CLANG_WARN_STRICT_PROTOTYPES = YES;
				CLANG_WARN_SUSPICIOUS_MOVE = YES;
				CLANG_WARN_UNGUARDED_AVAILABILITY = YES_AGGRESSIVE;
				CLANG_WARN_UNREACHABLE_CODE = YES;
				CLANG_WARN__DUPLICATE_METHOD_MATCH = YES;
				CODE_SIGN_IDENTITY = "iPhone Developer";
				COPY_PHASE_STRIP = NO;
				DEBUG_INFORMATION_FORMAT = dwarf;
				ENABLE_STRICT_OBJC_MSGSEND = YES;
				ENABLE_TESTABILITY = YES;
				GCC_C_LANGUAGE_STANDARD = gnu11;
				GCC_DYNAMIC_NO_PIC = NO;
				GCC_NO_COMMON_BLOCKS = YES;
				GCC_OPTIMIZATION_LEVEL = 0;
				GCC_PREPROCESSOR_DEFINITIONS = (
					"DEBUG=1",
					"$(inherited)",
				);
				GCC_WARN_64_TO_32_BIT_CONVERSION = YES;
				GCC_WARN_ABOUT_RETURN_TYPE = YES_ERROR;
				GCC_WARN_UNDECLARED_SELECTOR = YES;
				GCC_WARN_UNINITIALIZED_AUTOS = YES_AGGRESSIVE;
				GCC_WARN_UNUSED_FUNCTION = YES;
				GCC_WARN_UNUSED_VARIABLE = YES;
				IPHONEOS_DEPLOYMENT_TARGET = 11.4;
				MTL_ENABLE_DEBUG_INFO = YES;
				ONLY_ACTIVE_ARCH = YES;
				SDKROOT = iphoneos;
				SWIFT_ACTIVE_COMPILATION_CONDITIONS = DEBUG;
				SWIFT_OPTIMIZATION_LEVEL = "-Onone";
			};
			name = Debug;
		};
		D4D470E5214B4E0F008210AB /* Release */ = {
			isa = XCBuildConfiguration;
			buildSettings = {
				ALWAYS_SEARCH_USER_PATHS = NO;
				CLANG_ANALYZER_NONNULL = YES;
				CLANG_ANALYZER_NUMBER_OBJECT_CONVERSION = YES_AGGRESSIVE;
				CLANG_CXX_LANGUAGE_STANDARD = "gnu++14";
				CLANG_CXX_LIBRARY = "libc++";
				CLANG_ENABLE_MODULES = YES;
				CLANG_ENABLE_OBJC_ARC = YES;
				CLANG_ENABLE_OBJC_WEAK = YES;
				CLANG_WARN_BLOCK_CAPTURE_AUTORELEASING = YES;
				CLANG_WARN_BOOL_CONVERSION = YES;
				CLANG_WARN_COMMA = YES;
				CLANG_WARN_CONSTANT_CONVERSION = YES;
				CLANG_WARN_DEPRECATED_OBJC_IMPLEMENTATIONS = YES;
				CLANG_WARN_DIRECT_OBJC_ISA_USAGE = YES_ERROR;
				CLANG_WARN_DOCUMENTATION_COMMENTS = YES;
				CLANG_WARN_EMPTY_BODY = YES;
				CLANG_WARN_ENUM_CONVERSION = YES;
				CLANG_WARN_INFINITE_RECURSION = YES;
				CLANG_WARN_INT_CONVERSION = YES;
				CLANG_WARN_NON_LITERAL_NULL_CONVERSION = YES;
				CLANG_WARN_OBJC_IMPLICIT_RETAIN_SELF = YES;
				CLANG_WARN_OBJC_LITERAL_CONVERSION = YES;
				CLANG_WARN_OBJC_ROOT_CLASS = YES_ERROR;
				CLANG_WARN_RANGE_LOOP_ANALYSIS = YES;
				CLANG_WARN_STRICT_PROTOTYPES = YES;
				CLANG_WARN_SUSPICIOUS_MOVE = YES;
				CLANG_WARN_UNGUARDED_AVAILABILITY = YES_AGGRESSIVE;
				CLANG_WARN_UNREACHABLE_CODE = YES;
				CLANG_WARN__DUPLICATE_METHOD_MATCH = YES;
				CODE_SIGN_IDENTITY = "iPhone Developer";
				COPY_PHASE_STRIP = NO;
				DEBUG_INFORMATION_FORMAT = "dwarf-with-dsym";
				ENABLE_NS_ASSERTIONS = NO;
				ENABLE_STRICT_OBJC_MSGSEND = YES;
				GCC_C_LANGUAGE_STANDARD = gnu11;
				GCC_NO_COMMON_BLOCKS = YES;
				GCC_WARN_64_TO_32_BIT_CONVERSION = YES;
				GCC_WARN_ABOUT_RETURN_TYPE = YES_ERROR;
				GCC_WARN_UNDECLARED_SELECTOR = YES;
				GCC_WARN_UNINITIALIZED_AUTOS = YES_AGGRESSIVE;
				GCC_WARN_UNUSED_FUNCTION = YES;
				GCC_WARN_UNUSED_VARIABLE = YES;
				IPHONEOS_DEPLOYMENT_TARGET = 11.4;
				MTL_ENABLE_DEBUG_INFO = NO;
				SDKROOT = iphoneos;
				SWIFT_COMPILATION_MODE = wholemodule;
				SWIFT_OPTIMIZATION_LEVEL = "-O";
				VALIDATE_PRODUCT = YES;
			};
			name = Release;
		};
		D4D470E7214B4E0F008210AB /* Debug */ = {
			isa = XCBuildConfiguration;
			buildSettings = {
				ASSETCATALOG_COMPILER_APPICON_NAME = AppIcon;
				ASSETCATALOG_COMPILER_LAUNCHIMAGE_NAME = LaunchImage;
				CODE_SIGN_STYLE = Automatic;
				DEVELOPMENT_TEAM = 24334R4VDR;
				INFOPLIST_FILE = 3.LocalVideo/Info.plist;
				IPHONEOS_DEPLOYMENT_TARGET = 10.0;
				LD_RUNPATH_SEARCH_PATHS = (
					"$(inherited)",
					"@executable_path/Frameworks",
				);
				PRODUCT_BUNDLE_IDENTIFIER = "com.Roger.--LocalVideo";
				PRODUCT_NAME = "$(TARGET_NAME)";
				SWIFT_VERSION = 4.0;
				TARGETED_DEVICE_FAMILY = 1;
			};
			name = Debug;
		};
		D4D470E8214B4E0F008210AB /* Release */ = {
			isa = XCBuildConfiguration;
			buildSettings = {
				ASSETCATALOG_COMPILER_APPICON_NAME = AppIcon;
				ASSETCATALOG_COMPILER_LAUNCHIMAGE_NAME = LaunchImage;
				CODE_SIGN_STYLE = Automatic;
				DEVELOPMENT_TEAM = 24334R4VDR;
				INFOPLIST_FILE = 3.LocalVideo/Info.plist;
				IPHONEOS_DEPLOYMENT_TARGET = 10.0;
				LD_RUNPATH_SEARCH_PATHS = (
					"$(inherited)",
					"@executable_path/Frameworks",
				);
				PRODUCT_BUNDLE_IDENTIFIER = "com.Roger.--LocalVideo";
				PRODUCT_NAME = "$(TARGET_NAME)";
				SWIFT_VERSION = 4.0;
				TARGETED_DEVICE_FAMILY = 1;
			};
			name = Release;
		};
/* End XCBuildConfiguration section */

/* Begin XCConfigurationList section */
		D4D470CF214B4E0D008210AB /* Build configuration list for PBXProject "3.LocalVideo" */ = {
			isa = XCConfigurationList;
			buildConfigurations = (
				D4D470E4214B4E0F008210AB /* Debug */,
				D4D470E5214B4E0F008210AB /* Release */,
			);
			defaultConfigurationIsVisible = 0;
			defaultConfigurationName = Release;
		};
		D4D470E6214B4E0F008210AB /* Build configuration list for PBXNativeTarget "3.LocalVideo" */ = {
			isa = XCConfigurationList;
			buildConfigurations = (
				D4D470E7214B4E0F008210AB /* Debug */,
				D4D470E8214B4E0F008210AB /* Release */,
			);
			defaultConfigurationIsVisible = 0;
			defaultConfigurationName = Release;
		};
/* End XCConfigurationList section */
	};
	rootObject = D4D470CC214B4E0D008210AB /* Project object */;
}
