// !$*UTF8*$!
{
	archiveVersion = 1;
	classes = {
	};
	objectVersion = 50;
	objects = {

/* Begin PBXBuildFile section */
		D4F5E4D221759240003F37CE /* AppDelegate.swift in Sources */ = {isa = PBXBuildFile; fileRef = D4F5E4D121759240003F37CE /* AppDelegate.swift */; };
		D4F5E4D421759240003F37CE /* ViewController.swift in Sources */ = {isa = PBXBuildFile; fileRef = D4F5E4D321759240003F37CE /* ViewController.swift */; };
		D4F5E4D721759240003F37CE /* Main.storyboard in Resources */ = {isa = PBXBuildFile; fileRef = D4F5E4D521759240003F37CE /* Main.storyboard */; };
		D4F5E4D921759241003F37CE /* Assets.xcassets in Resources */ = {isa = PBXBuildFile; fileRef = D4F5E4D821759241003F37CE /* Assets.xcassets */; };
		D4F5E4DC21759241003F37CE /* LaunchScreen.storyboard in Resources */ = {isa = PBXBuildFile; fileRef = D4F5E4DA21759241003F37CE /* LaunchScreen.storyboard */; };
		D4F5E4E421759253003F37CE /* LimitViewController.swift in Sources */ = {isa = PBXBuildFile; fileRef = D4F5E4E321759253003F37CE /* LimitViewController.swift */; };
/* End PBXBuildFile section */

/* Begin PBXFileReference section */
		D4F5E4CE21759240003F37CE /* 18.LimitTextView.app */ = {isa = PBXFileReference; explicitFileType = wrapper.application; includeInIndex = 0; path = 18.LimitTextView.app; sourceTree = BUILT_PRODUCTS_DIR; };
		D4F5E4D121759240003F37CE /* AppDelegate.swift */ = {isa = PBXFileReference; lastKnownFileType = sourcecode.swift; path = AppDelegate.swift; sourceTree = "<group>"; };
		D4F5E4D321759240003F37CE /* ViewController.swift */ = {isa = PBXFileReference; lastKnownFileType = sourcecode.swift; path = ViewController.swift; sourceTree = "<group>"; };
		D4F5E4D621759240003F37CE /* Base */ = {isa = PBXFileReference; lastKnownFileType = file.storyboard; name = Base; path = Base.lproj/Main.storyboard; sourceTree = "<group>"; };
		D4F5E4D821759241003F37CE /* Assets.xcassets */ = {isa = PBXFileReference; lastKnownFileType = folder.assetcatalog; path = Assets.xcassets; sourceTree = "<group>"; };
		D4F5E4DB21759241003F37CE /* Base */ = {isa = PBXFileReference; lastKnownFileType = file.storyboard; name = Base; path = Base.lproj/LaunchScreen.storyboard; sourceTree = "<group>"; };
		D4F5E4DD21759241003F37CE /* Info.plist */ = {isa = PBXFileReference; lastKnownFileType = text.plist.xml; path = Info.plist; sourceTree = "<group>"; };
		D4F5E4E321759253003F37CE /* LimitViewController.swift */ = {isa = PBXFileReference; lastKnownFileType = sourcecode.swift; path = LimitViewController.swift; sourceTree = "<group>"; };
/* End PBXFileReference section */

/* Begin PBXFrameworksBuildPhase section */
		D4F5E4CB21759240003F37CE /* Frameworks */ = {
			isa = PBXFrameworksBuildPhase;
			buildActionMask = 2147483647;
			files = (
			);
			runOnlyForDeploymentPostprocessing = 0;
		};
/* End PBXFrameworksBuildPhase section */

/* Begin PBXGroup section */
		D4F5E4C521759240003F37CE = {
			isa = PBXGroup;
			children = (
				D4F5E4D021759240003F37CE /* 18.LimitTextView */,
				D4F5E4CF21759240003F37CE /* Products */,
			);
			sourceTree = "<group>";
		};
		D4F5E4CF21759240003F37CE /* Products */ = {
			isa = PBXGroup;
			children = (
				D4F5E4CE21759240003F37CE /* 18.LimitTextView.app */,
			);
			name = Products;
			sourceTree = "<group>";
		};
		D4F5E4D021759240003F37CE /* 18.LimitTextView */ = {
			isa = PBXGroup;
			children = (
				D4F5E4D121759240003F37CE /* AppDelegate.swift */,
				D4F5E4D321759240003F37CE /* ViewController.swift */,
				D4F5E4D521759240003F37CE /* Main.storyboard */,
				D4F5E4D821759241003F37CE /* Assets.xcassets */,
				D4F5E4DA21759241003F37CE /* LaunchScreen.storyboard */,
				D4F5E4DD21759241003F37CE /* Info.plist */,
				D4F5E4E321759253003F37CE /* LimitViewController.swift */,
			);
			path = 18.LimitTextView;
			sourceTree = "<group>";
		};
/* End PBXGroup section */

/* Begin PBXNativeTarget section */
		D4F5E4CD21759240003F37CE /* 18.LimitTextView */ = {
			isa = PBXNativeTarget;
			buildConfigurationList = D4F5E4E021759241003F37CE /* Build configuration list for PBXNativeTarget "18.LimitTextView" */;
			buildPhases = (
				D4F5E4CA21759240003F37CE /* Sources */,
				D4F5E4CB21759240003F37CE /* Frameworks */,
				D4F5E4CC21759240003F37CE /* Resources */,
			);
			buildRules = (
			);
			dependencies = (
			);
			name = 18.LimitTextView;
			productName = 18.LimitTextView;
			productReference = D4F5E4CE21759240003F37CE /* 18.LimitTextView.app */;
			productType = "com.apple.product-type.application";
		};
/* End PBXNativeTarget section */

/* Begin PBXProject section */
		D4F5E4C621759240003F37CE /* Project object */ = {
			isa = PBXProject;
			attributes = {
				LastSwiftUpdateCheck = 1000;
				LastUpgradeCheck = 1000;
				ORGANIZATIONNAME = Swifter;
				TargetAttributes = {
					D4F5E4CD21759240003F37CE = {
						CreatedOnToolsVersion = 10.0;
					};
				};
			};
			buildConfigurationList = D4F5E4C921759240003F37CE /* Build configuration list for PBXProject "18.LimitTextView" */;
			compatibilityVersion = "Xcode 9.3";
			developmentRegion = en;
			hasScannedForEncodings = 0;
			knownRegions = (
				en,
				Base,
			);
			mainGroup = D4F5E4C521759240003F37CE;
			productRefGroup = D4F5E4CF21759240003F37CE /* Products */;
			projectDirPath = "";
			projectRoot = "";
			targets = (
				D4F5E4CD21759240003F37CE /* 18.LimitTextView */,
			);
		};
/* End PBXProject section */

/* Begin PBXResourcesBuildPhase section */
		D4F5E4CC21759240003F37CE /* Resources */ = {
			isa = PBXResourcesBuildPhase;
			buildActionMask = 2147483647;
			files = (
				D4F5E4DC21759241003F37CE /* LaunchScreen.storyboard in Resources */,
				D4F5E4D921759241003F37CE /* Assets.xcassets in Resources */,
				D4F5E4D721759240003F37CE /* Main.storyboard in Resources */,
			);
			runOnlyForDeploymentPostprocessing = 0;
		};
/* End PBXResourcesBuildPhase section */

/* Begin PBXSourcesBuildPhase section */
		D4F5E4CA21759240003F37CE /* Sources */ = {
			isa = PBXSourcesBuildPhase;
			buildActionMask = 2147483647;
			files = (
				D4F5E4E421759253003F37CE /* LimitViewController.swift in Sources */,
				D4F5E4D421759240003F37CE /* ViewController.swift in Sources */,
				D4F5E4D221759240003F37CE /* AppDelegate.swift in Sources */,
			);
			runOnlyForDeploymentPostprocessing = 0;
		};
/* End PBXSourcesBuildPhase section */

/* Begin PBXVariantGroup section */
		D4F5E4D521759240003F37CE /* Main.storyboard */ = {
			isa = PBXVariantGroup;
			children = (
				D4F5E4D621759240003F37CE /* Base */,
			);
			name = Main.storyboard;
			sourceTree = "<group>";
		};
		D4F5E4DA21759241003F37CE /* LaunchScreen.storyboard */ = {
			isa = PBXVariantGroup;
			children = (
				D4F5E4DB21759241003F37CE /* Base */,
			);
			name = LaunchScreen.storyboard;
			sourceTree = "<group>";
		};
/* End PBXVariantGroup section */

/* Begin XCBuildConfiguration section */
		D4F5E4DE21759241003F37CE /* Debug */ = {
			isa = XCBuildConfiguration;
			buildSettings = {
				ALWAYS_SEARCH_USER_PATHS = NO;
				CLANG_ANALYZER_NONNULL = YES;
				CLANG_ANALYZER_NUMBER_OBJECT_CONVERSION = YES_AGGRESSIVE;
				CLANG_CXX_LANGUAGE_STANDARD = "gnu++14";
				CLANG_CXX_LIBRARY = "libc++";
				CLANG_ENABLE_MODULES = YES;
				CLANG_ENABLE_OBJC_ARC = YES;
				CLANG_ENABLE_OBJC_WEAK = YES;
				CLANG_WARN_BLOCK_CAPTURE_AUTORELEASING = YES;
				CLANG_WARN_BOOL_CONVERSION = YES;
				CLANG_WARN_COMMA = YES;
				CLANG_WARN_CONSTANT_CONVERSION = YES;
				CLANG_WARN_DEPRECATED_OBJC_IMPLEMENTATIONS = YES;
				CLANG_WARN_DIRECT_OBJC_ISA_USAGE = YES_ERROR;
				CLANG_WARN_DOCUMENTATION_COMMENTS = YES;
				CLANG_WARN_EMPTY_BODY = YES;
				CLANG_WARN_ENUM_CONVERSION = YES;
				CLANG_WARN_INFINITE_RECURSION = YES;
				CLANG_WARN_INT_CONVERSION = YES;
				CLANG_WARN_NON_LITERAL_NULL_CONVERSION = YES;
				CLANG_WARN_OBJC_IMPLICIT_RETAIN_SELF = YES;
				CLANG_WARN_OBJC_LITERAL_CONVERSION = YES;
				CLANG_WARN_OBJC_ROOT_CLASS = YES_ERROR;
				CLANG_WARN_RANGE_LOOP_ANALYSIS = YES;
				CLANG_WARN_STRICT_PROTOTYPES = YES;
				CLANG_WARN_SUSPICIOUS_MOVE = YES;
				CLANG_WARN_UNGUARDED_AVAILABILITY = YES_AGGRESSIVE;
				CLANG_WARN_UNREACHABLE_CODE = YES;
				CLANG_WARN__DUPLICATE_METHOD_MATCH = YES;
				CODE_SIGN_IDENTITY = "iPhone Developer";
				COPY_PHASE_STRIP = NO;
				DEBUG_INFORMATION_FORMAT = dwarf;
				ENABLE_STRICT_OBJC_MSGSEND = YES;
				ENABLE_TESTABILITY = YES;
				GCC_C_LANGUAGE_STANDARD = gnu11;
				GCC_DYNAMIC_NO_PIC = NO;
				GCC_NO_COMMON_BLOCKS = YES;
				GCC_OPTIMIZATION_LEVEL = 0;
				GCC_PREPROCESSOR_DEFINITIONS = (
					"DEBUG=1",
					"$(inherited)",
				);
				GCC_WARN_64_TO_32_BIT_CONVERSION = YES;
				GCC_WARN_ABOUT_RETURN_TYPE = YES_ERROR;
				GCC_WARN_UNDECLARED_SELECTOR = YES;
				GCC_WARN_UNINITIALIZED_AUTOS = YES_AGGRESSIVE;
				GCC_WARN_UNUSED_FUNCTION = YES;
				GCC_WARN_UNUSED_VARIABLE = YES;
				IPHONEOS_DEPLOYMENT_TARGET = 12.0;
				MTL_ENABLE_DEBUG_INFO = INCLUDE_SOURCE;
				MTL_FAST_MATH = YES;
				ONLY_ACTIVE_ARCH = YES;
				SDKROOT = iphoneos;
				SWIFT_ACTIVE_COMPILATION_CONDITIONS = DEBUG;
				SWIFT_OPTIMIZATION_LEVEL = "-Onone";
			};
			name = Debug;
		};
		D4F5E4DF21759241003F37CE /* Release */ = {
			isa = XCBuildConfiguration;
			buildSettings = {
				ALWAYS_SEARCH_USER_PATHS = NO;
				CLANG_ANALYZER_NONNULL = YES;
				CLANG_ANALYZER_NUMBER_OBJECT_CONVERSION = YES_AGGRESSIVE;
				CLANG_CXX_LANGUAGE_STANDARD = "gnu++14";
				CLANG_CXX_LIBRARY = "libc++";
				CLANG_ENABLE_MODULES = YES;
				CLANG_ENABLE_OBJC_ARC = YES;
				CLANG_ENABLE_OBJC_WEAK = YES;
				CLANG_WARN_BLOCK_CAPTURE_AUTORELEASING = YES;
				CLANG_WARN_BOOL_CONVERSION = YES;
				CLANG_WARN_COMMA = YES;
				CLANG_WARN_CONSTANT_CONVERSION = YES;
				CLANG_WARN_DEPRECATED_OBJC_IMPLEMENTATIONS = YES;
				CLANG_WARN_DIRECT_OBJC_ISA_USAGE = YES_ERROR;
				CLANG_WARN_DOCUMENTATION_COMMENTS = YES;
				CLANG_WARN_EMPTY_BODY = YES;
				CLANG_WARN_ENUM_CONVERSION = YES;
				CLANG_WARN_INFINITE_RECURSION = YES;
				CLANG_WARN_INT_CONVERSION = YES;
				CLANG_WARN_NON_LITERAL_NULL_CONVERSION = YES;
				CLANG_WARN_OBJC_IMPLICIT_RETAIN_SELF = YES;
				CLANG_WARN_OBJC_LITERAL_CONVERSION = YES;
				CLANG_WARN_OBJC_ROOT_CLASS = YES_ERROR;
				CLANG_WARN_RANGE_LOOP_ANALYSIS = YES;
				CLANG_WARN_STRICT_PROTOTYPES = YES;
				CLANG_WARN_SUSPICIOUS_MOVE = YES;
				CLANG_WARN_UNGUARDED_AVAILABILITY = YES_AGGRESSIVE;
				CLANG_WARN_UNREACHABLE_CODE = YES;
				CLANG_WARN__DUPLICATE_METHOD_MATCH = YES;
				CODE_SIGN_IDENTITY = "iPhone Developer";
				COPY_PHASE_STRIP = NO;
				DEBUG_INFORMATION_FORMAT = "dwarf-with-dsym";
				ENABLE_NS_ASSERTIONS = NO;
				ENABLE_STRICT_OBJC_MSGSEND = YES;
				GCC_C_LANGUAGE_STANDARD = gnu11;
				GCC_NO_COMMON_BLOCKS = YES;
				GCC_WARN_64_TO_32_BIT_CONVERSION = YES;
				GCC_WARN_ABOUT_RETURN_TYPE = YES_ERROR;
				GCC_WARN_UNDECLARED_SELECTOR = YES;
				GCC_WARN_UNINITIALIZED_AUTOS = YES_AGGRESSIVE;
				GCC_WARN_UNUSED_FUNCTION = YES;
				GCC_WARN_UNUSED_VARIABLE = YES;
				IPHONEOS_DEPLOYMENT_TARGET = 12.0;
				MTL_ENABLE_DEBUG_INFO = NO;
				MTL_FAST_MATH = YES;
				SDKROOT = iphoneos;
				SWIFT_COMPILATION_MODE = wholemodule;
				SWIFT_OPTIMIZATION_LEVEL = "-O";
				VALIDATE_PRODUCT = YES;
			};
			name = Release;
		};
		D4F5E4E121759241003F37CE /* Debug */ = {
			isa = XCBuildConfiguration;
			buildSettings = {
				ASSETCATALOG_COMPILER_APPICON_NAME = AppIcon;
				CODE_SIGN_STYLE = Automatic;
				DEVELOPMENT_TEAM = 24334R4VDR;
				INFOPLIST_FILE = 18.LimitTextView/Info.plist;
				LD_RUNPATH_SEARCH_PATHS = (
					"$(inherited)",
					"@executable_path/Frameworks",
				);
				PRODUCT_BUNDLE_IDENTIFIER = "com.Roger.-8-LimitTextView";
				PRODUCT_NAME = "$(TARGET_NAME)";
				SWIFT_VERSION = 4.2;
				TARGETED_DEVICE_FAMILY = "1,2";
			};
			name = Debug;
		};
		D4F5E4E221759241003F37CE /* Release */ = {
			isa = XCBuildConfiguration;
			buildSettings = {
				ASSETCATALOG_COMPILER_APPICON_NAME = AppIcon;
				CODE_SIGN_STYLE = Automatic;
				DEVELOPMENT_TEAM = 24334R4VDR;
				INFOPLIST_FILE = 18.LimitTextView/Info.plist;
				LD_RUNPATH_SEARCH_PATHS = (
					"$(inherited)",
					"@executable_path/Frameworks",
				);
				PRODUCT_BUNDLE_IDENTIFIER = "com.Roger.-8-LimitTextView";
				PRODUCT_NAME = "$(TARGET_NAME)";
				SWIFT_VERSION = 4.2;
				TARGETED_DEVICE_FAMILY = "1,2";
			};
			name = Release;
		};
/* End XCBuildConfiguration section */

/* Begin XCConfigurationList section */
		D4F5E4C921759240003F37CE /* Build configuration list for PBXProject "18.LimitTextView" */ = {
			isa = XCConfigurationList;
			buildConfigurations = (
				D4F5E4DE21759241003F37CE /* Debug */,
				D4F5E4DF21759241003F37CE /* Release */,
			);
			defaultConfigurationIsVisible = 0;
			defaultConfigurationName = Release;
		};
		D4F5E4E021759241003F37CE /* Build configuration list for PBXNativeTarget "18.LimitTextView" */ = {
			isa = XCConfigurationList;
			buildConfigurations = (
				D4F5E4E121759241003F37CE /* Debug */,
				D4F5E4E221759241003F37CE /* Release */,
			);
			defaultConfigurationIsVisible = 0;
			defaultConfigurationName = Release;
		};
/* End XCConfigurationList section */
	};
	rootObject = D4F5E4C621759240003F37CE /* Project object */;
}
